schema: '2.0'
stages:
  download:
    cmd: python -m mlops_stock.data.download_data
    deps:
    - path: mlops_stock/data/download_data.py
      hash: md5
      md5: 498feb1eca585b75733ac672e63c8a31
      size: 1336
    outs:
    - path: data/raw/
      hash: md5
      md5: 944cc6c4ba20e1f2172d2f5f63f6d340.dir
      size: 138643
      nfiles: 1
  features:
    cmd: python -m mlops_stock.features.build_features
    deps:
    - path: data/raw/
      hash: md5
      md5: 944cc6c4ba20e1f2172d2f5f63f6d340.dir
      size: 138643
      nfiles: 1
    - path: mlops_stock/features/build_features.py
      hash: md5
      md5: c51c2d67606f56085a0089912ca1285c
      size: 2146
    outs:
    - path: data/processed/
      hash: md5
      md5: aac1bdbdcdb4060f7018d06f1b51d1f9.dir
      size: 296051
      nfiles: 1
